
Microsoft Visual Studio Solution File, Format Version 12.00
# Visual Studio Version 17
VisualStudioVersion = 17.4.33122.133
MinimumVisualStudioVersion = 10.0.40219.1
Project("{FAE04EC0-301F-11D3-BF4B-00C04F79EFBC}") = "MoviesAPI", "MoviesAPI.csproj", "{073775E1-710D-4AF0-96EA-F7416A316488}"
EndProject
Global
	GlobalSection(SolutionConfigurationPlatforms) = preSolution
		Debug|Any CPU = Debug|Any CPU
		Release|Any CPU = Release|Any CPU
	EndGlobalSection
	GlobalSection(ProjectConfigurationPlatforms) = postSolution
		{073775E1-710D-4AF0-96EA-F7416A316488}.Debug|Any CPU.ActiveCfg = Debug|Any CPU
		{073775E1-710D-4AF0-96EA-F7416A316488}.Debug|Any CPU.Build.0 = Debug|Any CPU
		{073775E1-710D-4AF0-96EA-F7416A316488}.Release|Any CPU.ActiveCfg = Release|Any CPU
		{073775E1-710D-4AF0-96EA-F7416A316488}.Release|Any CPU.Build.0 = Release|Any CPU
	EndGlobalSection
	GlobalSection(SolutionProperties) = preSolution
		HideSolutionNode = FALSE
	EndGlobalSection
	GlobalSection(ExtensibilityGlobals) = postSolution
		SolutionGuid = {F254EEC4-7523-4204-9E27-D952538C92E7}
	EndGlobalSection
EndGlobal
